
Microsoft Visual Studio Solution File, Format Version 12.00
# Visual Studio Version 17
VisualStudioVersion = 17.14.36518.9 d17.14
MinimumVisualStudioVersion = 10.0.40219.1
Project("{FAE04EC0-301F-11D3-BF4B-00C04F79EFBC}") = "LinqAss1", "LinqAss1\LinqAss1.csproj", "{59E426ED-C20B-4B42-BAF3-B88D4824BECD}"
EndProject
Global
	GlobalSection(SolutionConfigurationPlatforms) = preSolution
		Debug|Any CPU = Debug|Any CPU
		Release|Any CPU = Release|Any CPU
	EndGlobalSection
	GlobalSection(ProjectConfigurationPlatforms) = postSolution
		{59E426ED-C20B-4B42-BAF3-B88D4824BECD}.Debug|Any CPU.ActiveCfg = Debug|Any CPU
		{59E426ED-C20B-4B42-BAF3-B88D4824BECD}.Debug|Any CPU.Build.0 = Debug|Any CPU
		{59E426ED-C20B-4B42-BAF3-B88D4824BECD}.Release|Any CPU.ActiveCfg = Release|Any CPU
		{59E426ED-C20B-4B42-BAF3-B88D4824BECD}.Release|Any CPU.Build.0 = Release|Any CPU
	EndGlobalSection
	GlobalSection(SolutionProperties) = preSolution
		HideSolutionNode = FALSE
	EndGlobalSection
	GlobalSection(ExtensibilityGlobals) = postSolution
		SolutionGuid = {CED1B54E-ABE0-478C-A590-EB01AAE0896F}
	EndGlobalSection
EndGlobal
